// !$*UTF8*$!
{
	archiveVersion = 1;
	classes = {
	};
	objectVersion = 50;
	objects = {

/* Begin PBXBuildFile section */
		C4AFB3F72511467F00F1E451 /* AppDelegate.swift in Sources */ = {isa = PBXBuildFile; fileRef = C4AFB3F62511467F00F1E451 /* AppDelegate.swift */; };
		C4AFB3F92511467F00F1E451 /* SceneDelegate.swift in Sources */ = {isa = PBXBuildFile; fileRef = C4AFB3F82511467F00F1E451 /* SceneDelegate.swift */; };
		C4AFB3FB2511467F00F1E451 /* ViewController.swift in Sources */ = {isa = PBXBuildFile; fileRef = C4AFB3FA2511467F00F1E451 /* ViewController.swift */; };
		C4AFB3FE2511467F00F1E451 /* Main.storyboard in Resources */ = {isa = PBXBuildFile; fileRef = C4AFB3FC2511467F00F1E451 /* Main.storyboard */; settings = {ASSET_TAGS = (jk, ); }; };
		C4AFB4002511468200F1E451 /* Assets.xcassets in Resources */ = {isa = PBXBuildFile; fileRef = C4AFB3FF2511468200F1E451 /* Assets.xcassets */; };
		C4AFB4032511468200F1E451 /* LaunchScreen.storyboard in Resources */ = {isa = PBXBuildFile; fileRef = C4AFB4012511468200F1E451 /* LaunchScreen.storyboard */; };
		C4DA2676251ADC4F005858A1 /* MyModel.swift in Sources */ = {isa = PBXBuildFile; fileRef = C4DA2675251ADC4F005858A1 /* MyModel.swift */; };
/* End PBXBuildFile section */

/* Begin PBXFileReference section */
		C4AFB3F32511467F00F1E451 /* app2_Ren_Jimmy.app */ = {isa = PBXFileReference; explicitFileType = wrapper.application; includeInIndex = 0; path = app2_Ren_Jimmy.app; sourceTree = BUILT_PRODUCTS_DIR; };
		C4AFB3F62511467F00F1E451 /* AppDelegate.swift */ = {isa = PBXFileReference; lastKnownFileType = sourcecode.swift; path = AppDelegate.swift; sourceTree = "<group>"; };
		C4AFB3F82511467F00F1E451 /* SceneDelegate.swift */ = {isa = PBXFileReference; lastKnownFileType = sourcecode.swift; path = SceneDelegate.swift; sourceTree = "<group>"; };
		C4AFB3FA2511467F00F1E451 /* ViewController.swift */ = {isa = PBXFileReference; lastKnownFileType = sourcecode.swift; path = ViewController.swift; sourceTree = "<group>"; };
		C4AFB3FD2511467F00F1E451 /* Base */ = {isa = PBXFileReference; lastKnownFileType = file.storyboard; name = Base; path = Base.lproj/Main.storyboard; sourceTree = "<group>"; };
		C4AFB3FF2511468200F1E451 /* Assets.xcassets */ = {isa = PBXFileReference; lastKnownFileType = folder.assetcatalog; path = Assets.xcassets; sourceTree = "<group>"; };
		C4AFB4022511468200F1E451 /* Base */ = {isa = PBXFileReference; lastKnownFileType = file.storyboard; name = Base; path = Base.lproj/LaunchScreen.storyboard; sourceTree = "<group>"; };
		C4AFB4042511468200F1E451 /* Info.plist */ = {isa = PBXFileReference; lastKnownFileType = text.plist.xml; path = Info.plist; sourceTree = "<group>"; };
		C4DA2675251ADC4F005858A1 /* MyModel.swift */ = {isa = PBXFileReference; lastKnownFileType = sourcecode.swift; path = MyModel.swift; sourceTree = "<group>"; };
/* End PBXFileReference section */

/* Begin PBXFrameworksBuildPhase section */
		C4AFB3F02511467F00F1E451 /* Frameworks */ = {
			isa = PBXFrameworksBuildPhase;
			buildActionMask = 2147483647;
			files = (
			);
			runOnlyForDeploymentPostprocessing = 0;
		};
/* End PBXFrameworksBuildPhase section */

/* Begin PBXGroup section */
		C4AFB3EA2511467F00F1E451 = {
			isa = PBXGroup;
			children = (
				C4AFB3F52511467F00F1E451 /* app2_Ren_Jimmy */,
				C4AFB3F42511467F00F1E451 /* Products */,
			);
			sourceTree = "<group>";
		};
		C4AFB3F42511467F00F1E451 /* Products */ = {
			isa = PBXGroup;
			children = (
				C4AFB3F32511467F00F1E451 /* app2_Ren_Jimmy.app */,
			);
			name = Products;
			sourceTree = "<group>";
		};
		C4AFB3F52511467F00F1E451 /* app2_Ren_Jimmy */ = {
			isa = PBXGroup;
			children = (
				C4DA2675251ADC4F005858A1 /* MyModel.swift */,
				C4AFB3F62511467F00F1E451 /* AppDelegate.swift */,
				C4AFB3F82511467F00F1E451 /* SceneDelegate.swift */,
				C4AFB3FA2511467F00F1E451 /* ViewController.swift */,
				C4AFB3FC2511467F00F1E451 /* Main.storyboard */,
				C4AFB3FF2511468200F1E451 /* Assets.xcassets */,
				C4AFB4012511468200F1E451 /* LaunchScreen.storyboard */,
				C4AFB4042511468200F1E451 /* Info.plist */,
			);
			path = app2_Ren_Jimmy;
			sourceTree = "<group>";
		};
/* End PBXGroup section */

/* Begin PBXNativeTarget section */
		C4AFB3F22511467F00F1E451 /* app2_Ren_Jimmy */ = {
			isa = PBXNativeTarget;
			buildConfigurationList = C4AFB4072511468200F1E451 /* Build configuration list for PBXNativeTarget "app2_Ren_Jimmy" */;
			buildPhases = (
				C4AFB3EF2511467F00F1E451 /* Sources */,
				C4AFB3F02511467F00F1E451 /* Frameworks */,
				C4AFB3F12511467F00F1E451 /* Resources */,
			);
			buildRules = (
			);
			dependencies = (
			);
			name = app2_Ren_Jimmy;
			productName = app2_Ren_Jimmy;
			productReference = C4AFB3F32511467F00F1E451 /* app2_Ren_Jimmy.app */;
			productType = "com.apple.product-type.application";
		};
/* End PBXNativeTarget section */

/* Begin PBXProject section */
		C4AFB3EB2511467F00F1E451 /* Project object */ = {
			isa = PBXProject;
			attributes = {
				KnownAssetTags = (
					jk,
				);
				LastSwiftUpdateCheck = 1170;
				LastUpgradeCheck = 1170;
				ORGANIZATIONNAME = "Jimmy Ren";
				TargetAttributes = {
					C4AFB3F22511467F00F1E451 = {
						CreatedOnToolsVersion = 11.7;
					};
				};
			};
			buildConfigurationList = C4AFB3EE2511467F00F1E451 /* Build configuration list for PBXProject "app2_Ren_Jimmy" */;
			compatibilityVersion = "Xcode 9.3";
			developmentRegion = en;
			hasScannedForEncodings = 0;
			knownRegions = (
				en,
				Base,
			);
			mainGroup = C4AFB3EA2511467F00F1E451;
			productRefGroup = C4AFB3F42511467F00F1E451 /* Products */;
			projectDirPath = "";
			projectRoot = "";
			targets = (
				C4AFB3F22511467F00F1E451 /* app2_Ren_Jimmy */,
			);
		};
/* End PBXProject section */

/* Begin PBXResourcesBuildPhase section */
		C4AFB3F12511467F00F1E451 /* Resources */ = {
			isa = PBXResourcesBuildPhase;
			buildActionMask = 2147483647;
			files = (
				C4AFB4032511468200F1E451 /* LaunchScreen.storyboard in Resources */,
				C4AFB4002511468200F1E451 /* Assets.xcassets in Resources */,
				C4AFB3FE2511467F00F1E451 /* Main.storyboard in Resources */,
			);
			runOnlyForDeploymentPostprocessing = 0;
		};
/* End PBXResourcesBuildPhase section */

/* Begin PBXSourcesBuildPhase section */
		C4AFB3EF2511467F00F1E451 /* Sources */ = {
			isa = PBXSourcesBuildPhase;
			buildActionMask = 2147483647;
			files = (
				C4AFB3FB2511467F00F1E451 /* ViewController.swift in Sources */,
				C4AFB3F72511467F00F1E451 /* AppDelegate.swift in Sources */,
				C4DA2676251ADC4F005858A1 /* MyModel.swift in Sources */,
				C4AFB3F92511467F00F1E451 /* SceneDelegate.swift in Sources */,
			);
			runOnlyForDeploymentPostprocessing = 0;
		};
/* End PBXSourcesBuildPhase section */

/* Begin PBXVariantGroup section */
		C4AFB3FC2511467F00F1E451 /* Main.storyboard */ = {
			isa = PBXVariantGroup;
			children = (
				C4AFB3FD2511467F00F1E451 /* Base */,
			);
			name = Main.storyboard;
			sourceTree = "<group>";
		};
		C4AFB4012511468200F1E451 /* LaunchScreen.storyboard */ = {
			isa = PBXVariantGroup;
			children = (
				C4AFB4022511468200F1E451 /* Base */,
			);
			name = LaunchScreen.storyboard;
			sourceTree = "<group>";
		};
/* End PBXVariantGroup section */

/* Begin XCBuildConfiguration section */
		C4AFB4052511468200F1E451 /* Debug */ = {
			isa = XCBuildConfiguration;
			buildSettings = {
				ALWAYS_SEARCH_USER_PATHS = NO;
				CLANG_ANALYZER_NONNULL = YES;
				CLANG_ANALYZER_NUMBER_OBJECT_CONVERSION = YES_AGGRESSIVE;
				CLANG_CXX_LANGUAGE_STANDARD = "gnu++14";
				CLANG_CXX_LIBRARY = "libc++";
				CLANG_ENABLE_MODULES = YES;
				CLANG_ENABLE_OBJC_ARC = YES;
				CLANG_ENABLE_OBJC_WEAK = YES;
				CLANG_WARN_BLOCK_CAPTURE_AUTORELEASING = YES;
				CLANG_WARN_BOOL_CONVERSION = YES;
				CLANG_WARN_COMMA = YES;
				CLANG_WARN_CONSTANT_CONVERSION = YES;
				CLANG_WARN_DEPRECATED_OBJC_IMPLEMENTATIONS = YES;
				CLANG_WARN_DIRECT_OBJC_ISA_USAGE = YES_ERROR;
				CLANG_WARN_DOCUMENTATION_COMMENTS = YES;
				CLANG_WARN_EMPTY_BODY = YES;
				CLANG_WARN_ENUM_CONVERSION = YES;
				CLANG_WARN_INFINITE_RECURSION = YES;
				CLANG_WARN_INT_CONVERSION = YES;
				CLANG_WARN_NON_LITERAL_NULL_CONVERSION = YES;
				CLANG_WARN_OBJC_IMPLICIT_RETAIN_SELF = YES;
				CLANG_WARN_OBJC_LITERAL_CONVERSION = YES;
				CLANG_WARN_OBJC_ROOT_CLASS = YES_ERROR;
				CLANG_WARN_RANGE_LOOP_ANALYSIS = YES;
				CLANG_WARN_STRICT_PROTOTYPES = YES;
				CLANG_WARN_SUSPICIOUS_MOVE = YES;
				CLANG_WARN_UNGUARDED_AVAILABILITY = YES_AGGRESSIVE;
				CLANG_WARN_UNREACHABLE_CODE = YES;
				CLANG_WARN__DUPLICATE_METHOD_MATCH = YES;
				COPY_PHASE_STRIP = NO;
				DEBUG_INFORMATION_FORMAT = dwarf;
				ENABLE_STRICT_OBJC_MSGSEND = YES;
				ENABLE_TESTABILITY = YES;
				GCC_C_LANGUAGE_STANDARD = gnu11;
				GCC_DYNAMIC_NO_PIC = NO;
				GCC_NO_COMMON_BLOCKS = YES;
				GCC_OPTIMIZATION_LEVEL = 0;
				GCC_PREPROCESSOR_DEFINITIONS = (
					"DEBUG=1",
					"$(inherited)",
				);
				GCC_WARN_64_TO_32_BIT_CONVERSION = YES;
				GCC_WARN_ABOUT_RETURN_TYPE = YES_ERROR;
				GCC_WARN_UNDECLARED_SELECTOR = YES;
				GCC_WARN_UNINITIALIZED_AUTOS = YES_AGGRESSIVE;
				GCC_WARN_UNUSED_FUNCTION = YES;
				GCC_WARN_UNUSED_VARIABLE = YES;
				IPHONEOS_DEPLOYMENT_TARGET = 13.7;
				MTL_ENABLE_DEBUG_INFO = INCLUDE_SOURCE;
				MTL_FAST_MATH = YES;
				ONLY_ACTIVE_ARCH = YES;
				SDKROOT = iphoneos;
				SWIFT_ACTIVE_COMPILATION_CONDITIONS = DEBUG;
				SWIFT_OPTIMIZATION_LEVEL = "-Onone";
			};
			name = Debug;
		};
		C4AFB4062511468200F1E451 /* Release */ = {
			isa = XCBuildConfiguration;
			buildSettings = {
				ALWAYS_SEARCH_USER_PATHS = NO;
				CLANG_ANALYZER_NONNULL = YES;
				CLANG_ANALYZER_NUMBER_OBJECT_CONVERSION = YES_AGGRESSIVE;
				CLANG_CXX_LANGUAGE_STANDARD = "gnu++14";
				CLANG_CXX_LIBRARY = "libc++";
				CLANG_ENABLE_MODULES = YES;
				CLANG_ENABLE_OBJC_ARC = YES;
				CLANG_ENABLE_OBJC_WEAK = YES;
				CLANG_WARN_BLOCK_CAPTURE_AUTORELEASING = YES;
				CLANG_WARN_BOOL_CONVERSION = YES;
				CLANG_WARN_COMMA = YES;
				CLANG_WARN_CONSTANT_CONVERSION = YES;
				CLANG_WARN_DEPRECATED_OBJC_IMPLEMENTATIONS = YES;
				CLANG_WARN_DIRECT_OBJC_ISA_USAGE = YES_ERROR;
				CLANG_WARN_DOCUMENTATION_COMMENTS = YES;
				CLANG_WARN_EMPTY_BODY = YES;
				CLANG_WARN_ENUM_CONVERSION = YES;
				CLANG_WARN_INFINITE_RECURSION = YES;
				CLANG_WARN_INT_CONVERSION = YES;
				CLANG_WARN_NON_LITERAL_NULL_CONVERSION = YES;
				CLANG_WARN_OBJC_IMPLICIT_RETAIN_SELF = YES;
				CLANG_WARN_OBJC_LITERAL_CONVERSION = YES;
				CLANG_WARN_OBJC_ROOT_CLASS = YES_ERROR;
				CLANG_WARN_RANGE_LOOP_ANALYSIS = YES;
				CLANG_WARN_STRICT_PROTOTYPES = YES;
				CLANG_WARN_SUSPICIOUS_MOVE = YES;
				CLANG_WARN_UNGUARDED_AVAILABILITY = YES_AGGRESSIVE;
				CLANG_WARN_UNREACHABLE_CODE = YES;
				CLANG_WARN__DUPLICATE_METHOD_MATCH = YES;
				COPY_PHASE_STRIP = NO;
				DEBUG_INFORMATION_FORMAT = "dwarf-with-dsym";
				ENABLE_NS_ASSERTIONS = NO;
				ENABLE_STRICT_OBJC_MSGSEND = YES;
				GCC_C_LANGUAGE_STANDARD = gnu11;
				GCC_NO_COMMON_BLOCKS = YES;
				GCC_WARN_64_TO_32_BIT_CONVERSION = YES;
				GCC_WARN_ABOUT_RETURN_TYPE = YES_ERROR;
				GCC_WARN_UNDECLARED_SELECTOR = YES;
				GCC_WARN_UNINITIALIZED_AUTOS = YES_AGGRESSIVE;
				GCC_WARN_UNUSED_FUNCTION = YES;
				GCC_WARN_UNUSED_VARIABLE = YES;
				IPHONEOS_DEPLOYMENT_TARGET = 13.7;
				MTL_ENABLE_DEBUG_INFO = NO;
				MTL_FAST_MATH = YES;
				SDKROOT = iphoneos;
				SWIFT_COMPILATION_MODE = wholemodule;
				SWIFT_OPTIMIZATION_LEVEL = "-O";
				VALIDATE_PRODUCT = YES;
			};
			name = Release;
		};
		C4AFB4082511468200F1E451 /* Debug */ = {
			isa = XCBuildConfiguration;
			buildSettings = {
				ASSETCATALOG_COMPILER_APPICON_NAME = AppIcon;
				CODE_SIGN_STYLE = Automatic;
				DEVELOPMENT_TEAM = LL5GCSLSA6;
				INFOPLIST_FILE = app2_Ren_Jimmy/Info.plist;
				LD_RUNPATH_SEARCH_PATHS = (
					"$(inherited)",
					"@executable_path/Frameworks",
				);
				PRODUCT_BUNDLE_IDENTIFIER = "JimmyRen.app2-Ren-Jimmy";
				PRODUCT_NAME = "$(TARGET_NAME)";
				SWIFT_VERSION = 5.0;
				TARGETED_DEVICE_FAMILY = "1,2";
			};
			name = Debug;
		};
		C4AFB4092511468200F1E451 /* Release */ = {
			isa = XCBuildConfiguration;
			buildSettings = {
				ASSETCATALOG_COMPILER_APPICON_NAME = AppIcon;
				CODE_SIGN_STYLE = Automatic;
				DEVELOPMENT_TEAM = LL5GCSLSA6;
				INFOPLIST_FILE = app2_Ren_Jimmy/Info.plist;
				LD_RUNPATH_SEARCH_PATHS = (
					"$(inherited)",
					"@executable_path/Frameworks",
				);
				PRODUCT_BUNDLE_IDENTIFIER = "JimmyRen.app2-Ren-Jimmy";
				PRODUCT_NAME = "$(TARGET_NAME)";
				SWIFT_VERSION = 5.0;
				TARGETED_DEVICE_FAMILY = "1,2";
			};
			name = Release;
		};
/* End XCBuildConfiguration section */

/* Begin XCConfigurationList section */
		C4AFB3EE2511467F00F1E451 /* Build configuration list for PBXProject "app2_Ren_Jimmy" */ = {
			isa = XCConfigurationList;
			buildConfigurations = (
				C4AFB4052511468200F1E451 /* Debug */,
				C4AFB4062511468200F1E451 /* Release */,
			);
			defaultConfigurationIsVisible = 0;
			defaultConfigurationName = Release;
		};
		C4AFB4072511468200F1E451 /* Build configuration list for PBXNativeTarget "app2_Ren_Jimmy" */ = {
			isa = XCConfigurationList;
			buildConfigurations = (
				C4AFB4082511468200F1E451 /* Debug */,
				C4AFB4092511468200F1E451 /* Release */,
			);
			defaultConfigurationIsVisible = 0;
			defaultConfigurationName = Release;
		};
/* End XCConfigurationList section */
	};
	rootObject = C4AFB3EB2511467F00F1E451 /* Project object */;
}
